# THIS IS AN AUTOGENERATED FILE. DO NOT EDIT THIS FILE DIRECTLY.
# yarn lockfile v1


"@buf/cosmos_cosmos-proto.bufbuild_es@1.0.0-20211202220400-1935555c206d.1":
  version "1.0.0-20211202220400-1935555c206d.1"
  resolved "https://buf.build/gen/npm/v1/@buf/cosmos_cosmos-proto.bufbuild_es/-/cosmos_cosmos-proto.bufbuild_es-1.0.0-20211202220400-1935555c206d.1.tgz"

"@buf/cosmos_cosmos-proto.bufbuild_es@1.2.0-20211202220400-1935555c206d.1":
  version "1.2.0-20211202220400-1935555c206d.1"
  resolved "https://buf.build/gen/npm/v1/@buf/cosmos_cosmos-proto.bufbuild_es/-/cosmos_cosmos-proto.bufbuild_es-1.2.0-20211202220400-1935555c206d.1.tgz"

"@buf/cosmos_cosmos-sdk.bufbuild_es@^1.0.0-20230125164018-54d184078b88.1":
  version "1.0.0-20230727222535-d0536f4cfdc9.1"
  resolved "https://buf.build/gen/npm/v1/@buf/cosmos_cosmos-sdk.bufbuild_es/-/cosmos_cosmos-sdk.bufbuild_es-1.0.0-20230727222535-d0536f4cfdc9.1.tgz"
  dependencies:
    "@buf/cosmos_cosmos-proto.bufbuild_es" "1.0.0-20211202220400-1935555c206d.1"
    "@buf/cosmos_gogo-proto.bufbuild_es" "1.0.0-20230509103710-5e5b9fdd0180.1"
    "@buf/googleapis_googleapis.bufbuild_es" "1.0.0-20230502210827-cc916c318597.1"

"@buf/cosmos_cosmos-sdk.bufbuild_es@1.0.0-20230316080531-954f7b05f384.1":
  version "1.0.0-20230316080531-954f7b05f384.1"
  resolved "https://buf.build/gen/npm/v1/@buf/cosmos_cosmos-sdk.bufbuild_es/-/cosmos_cosmos-sdk.bufbuild_es-1.0.0-20230316080531-954f7b05f384.1.tgz"
  dependencies:
    "@buf/cosmos_cosmos-proto.bufbuild_es" "1.0.0-20211202220400-1935555c206d.1"
    "@buf/cosmos_gogo-proto.bufbuild_es" "1.0.0-20221020125208-34d970b699f8.1"
    "@buf/googleapis_googleapis.bufbuild_es" "1.0.0-20221214150216-75b4300737fb.1"

"@buf/cosmos_cosmos-sdk.bufbuild_es@1.2.0-20221115045553-508e19f5f375.1":
  version "1.2.0-20221115045553-508e19f5f375.1"
  resolved "https://buf.build/gen/npm/v1/@buf/cosmos_cosmos-sdk.bufbuild_es/-/cosmos_cosmos-sdk.bufbuild_es-1.2.0-20221115045553-508e19f5f375.1.tgz"
  dependencies:
    "@buf/cosmos_cosmos-proto.bufbuild_es" "1.2.0-20211202220400-1935555c206d.1"
    "@buf/cosmos_gogo-proto.bufbuild_es" "1.2.0-20221020125208-34d970b699f8.1"
    "@buf/googleapis_googleapis.bufbuild_es" "1.2.0-20221025150512-783e4b5374fa.1"

"@buf/cosmos_gogo-proto.bufbuild_es@1.0.0-20221020125208-34d970b699f8.1":
  version "1.0.0-20221020125208-34d970b699f8.1"
  resolved "https://buf.build/gen/npm/v1/@buf/cosmos_gogo-proto.bufbuild_es/-/cosmos_gogo-proto.bufbuild_es-1.0.0-20221020125208-34d970b699f8.1.tgz"

"@buf/cosmos_gogo-proto.bufbuild_es@1.0.0-20230509103710-5e5b9fdd0180.1":
  version "1.0.0-20230509103710-5e5b9fdd0180.1"
  resolved "https://buf.build/gen/npm/v1/@buf/cosmos_gogo-proto.bufbuild_es/-/cosmos_gogo-proto.bufbuild_es-1.0.0-20230509103710-5e5b9fdd0180.1.tgz"

"@buf/cosmos_gogo-proto.bufbuild_es@1.2.0-20221020125208-34d970b699f8.1":
  version "1.2.0-20221020125208-34d970b699f8.1"
  resolved "https://buf.build/gen/npm/v1/@buf/cosmos_gogo-proto.bufbuild_es/-/cosmos_gogo-proto.bufbuild_es-1.2.0-20221020125208-34d970b699f8.1.tgz"

"@buf/cosmos_ibc.bufbuild_es@^1.0.0-20230127093016-72d4bdec25a0.1":
  version "1.0.0-20230622063658-f6d24a1cded4.1"
  resolved "https://buf.build/gen/npm/v1/@buf/cosmos_ibc.bufbuild_es/-/cosmos_ibc.bufbuild_es-1.0.0-20230622063658-f6d24a1cded4.1.tgz"
  dependencies:
    "@buf/cosmos_cosmos-proto.bufbuild_es" "1.0.0-20211202220400-1935555c206d.1"
    "@buf/cosmos_cosmos-sdk.bufbuild_es" "1.0.0-20230316080531-954f7b05f384.1"
    "@buf/cosmos_gogo-proto.bufbuild_es" "1.0.0-20221020125208-34d970b699f8.1"
    "@buf/cosmos_ics23.bufbuild_es" "1.0.0-20221207100654-55085f7c710a.1"
    "@buf/googleapis_googleapis.bufbuild_es" "1.0.0-20220908150232-8d7204855ec1.1"

"@buf/cosmos_ics23.bufbuild_es@1.0.0-20221207100654-55085f7c710a.1":
  version "1.0.0-20221207100654-55085f7c710a.1"
  resolved "https://buf.build/gen/npm/v1/@buf/cosmos_ics23.bufbuild_es/-/cosmos_ics23.bufbuild_es-1.0.0-20221207100654-55085f7c710a.1.tgz"

"@buf/evmos_evmos.bufbuild_es@^1.2.0-20230315212311-c66c6f141d04.1":
  version "1.2.0-20230705123045-394eea30e764.1"
  resolved "https://buf.build/gen/npm/v1/@buf/evmos_evmos.bufbuild_es/-/evmos_evmos.bufbuild_es-1.2.0-20230705123045-394eea30e764.1.tgz"
  dependencies:
    "@buf/cosmos_cosmos-proto.bufbuild_es" "1.2.0-20211202220400-1935555c206d.1"
    "@buf/cosmos_cosmos-sdk.bufbuild_es" "1.2.0-20221115045553-508e19f5f375.1"
    "@buf/cosmos_gogo-proto.bufbuild_es" "1.2.0-20221020125208-34d970b699f8.1"
    "@buf/googleapis_googleapis.bufbuild_es" "1.2.0-20221025150512-783e4b5374fa.1"

"@buf/googleapis_googleapis.bufbuild_es@1.0.0-20220908150232-8d7204855ec1.1":
  version "1.0.0-20220908150232-8d7204855ec1.1"
  resolved "https://buf.build/gen/npm/v1/@buf/googleapis_googleapis.bufbuild_es/-/googleapis_googleapis.bufbuild_es-1.0.0-20220908150232-8d7204855ec1.1.tgz"

"@buf/googleapis_googleapis.bufbuild_es@1.0.0-20221214150216-75b4300737fb.1":
  version "1.0.0-20221214150216-75b4300737fb.1"
  resolved "https://buf.build/gen/npm/v1/@buf/googleapis_googleapis.bufbuild_es/-/googleapis_googleapis.bufbuild_es-1.0.0-20221214150216-75b4300737fb.1.tgz"

"@buf/googleapis_googleapis.bufbuild_es@1.0.0-20230502210827-cc916c318597.1":
  version "1.0.0-20230502210827-cc916c318597.1"
  resolved "https://buf.build/gen/npm/v1/@buf/googleapis_googleapis.bufbuild_es/-/googleapis_googleapis.bufbuild_es-1.0.0-20230502210827-cc916c318597.1.tgz"

"@buf/googleapis_googleapis.bufbuild_es@1.2.0-20221025150512-783e4b5374fa.1":
  version "1.2.0-20221025150512-783e4b5374fa.1"
  resolved "https://buf.build/gen/npm/v1/@buf/googleapis_googleapis.bufbuild_es/-/googleapis_googleapis.bufbuild_es-1.2.0-20221025150512-783e4b5374fa.1.tgz"

"@bufbuild/protobuf@^1.0.0", "@bufbuild/protobuf@^1.2.0":
  version "1.3.0"
  resolved "https://registry.npmjs.org/@bufbuild/protobuf/-/protobuf-1.3.0.tgz"
  integrity sha512-G372ods0pLt46yxVRsnP/e2btVPuuzArcMPFpIDeIwiGPuuglEs9y75iG0HMvZgncsj5TvbYRWqbVyOe3PLCWQ==

"@confio/ics23@^0.6.8":
  version "0.6.8"
  dependencies:
    "@noble/hashes" "^1.0.0"
    protobufjs "^6.8.8"

"@cosmjs/amino@^0.31.0":
  version "0.31.0"
  dependencies:
    "@cosmjs/crypto" "^0.31.0"
    "@cosmjs/encoding" "^0.31.0"
    "@cosmjs/math" "^0.31.0"
    "@cosmjs/utils" "^0.31.0"

"@cosmjs/amino@0.28.13":
  version "0.28.13"
  dependencies:
    "@cosmjs/crypto" "0.28.13"
    "@cosmjs/encoding" "0.28.13"
    "@cosmjs/math" "0.28.13"
    "@cosmjs/utils" "0.28.13"

"@cosmjs/crypto@^0.31", "@cosmjs/crypto@^0.31.0":
  version "0.31.0"
  dependencies:
    "@cosmjs/encoding" "^0.31.0"
    "@cosmjs/math" "^0.31.0"
    "@cosmjs/utils" "^0.31.0"
    "@noble/hashes" "^1"
    bn.js "^5.2.0"
    elliptic "^6.5.4"
    libsodium-wrappers-sumo "^0.7.11"

"@cosmjs/crypto@0.28.13":
  version "0.28.13"
  dependencies:
    "@cosmjs/encoding" "0.28.13"
    "@cosmjs/math" "0.28.13"
    "@cosmjs/utils" "0.28.13"
    "@noble/hashes" "^1"
    bn.js "^5.2.0"
    elliptic "^6.5.3"
    libsodium-wrappers "^0.7.6"

"@cosmjs/encoding@^0.31.0":
  version "0.31.0"
  dependencies:
    base64-js "^1.3.0"
    bech32 "^1.1.4"
    readonly-date "^1.0.0"

"@cosmjs/encoding@0.28.13":
  version "0.28.13"
  dependencies:
    base64-js "^1.3.0"
    bech32 "^1.1.4"
    readonly-date "^1.0.0"

"@cosmjs/json-rpc@^0.31.0":
  version "0.31.0"
  dependencies:
    "@cosmjs/stream" "^0.31.0"
    xstream "^11.14.0"

"@cosmjs/math@^0.31.0":
  version "0.31.0"
  dependencies:
    bn.js "^5.2.0"

"@cosmjs/math@0.28.13":
  version "0.28.13"
  dependencies:
    bn.js "^5.2.0"

"@cosmjs/proto-signing@^0.28.13":
  version "0.28.13"
  dependencies:
    "@cosmjs/amino" "0.28.13"
    "@cosmjs/crypto" "0.28.13"
    "@cosmjs/encoding" "0.28.13"
    "@cosmjs/math" "0.28.13"
    "@cosmjs/utils" "0.28.13"
    cosmjs-types "^0.4.0"
    long "^4.0.0"

"@cosmjs/proto-signing@^0.31", "@cosmjs/proto-signing@^0.31.0":
  version "0.31.0"
  dependencies:
    "@cosmjs/amino" "^0.31.0"
    "@cosmjs/crypto" "^0.31.0"
    "@cosmjs/encoding" "^0.31.0"
    "@cosmjs/math" "^0.31.0"
    "@cosmjs/utils" "^0.31.0"
    cosmjs-types "^0.8.0"
    long "^4.0.0"

"@cosmjs/socket@^0.31.0":
  version "0.31.0"
  dependencies:
    "@cosmjs/stream" "^0.31.0"
    isomorphic-ws "^4.0.1"
    ws "^7"
    xstream "^11.14.0"

"@cosmjs/stargate@^0.31":
  version "0.31.0"
  dependencies:
    "@confio/ics23" "^0.6.8"
    "@cosmjs/amino" "^0.31.0"
    "@cosmjs/encoding" "^0.31.0"
    "@cosmjs/math" "^0.31.0"
    "@cosmjs/proto-signing" "^0.31.0"
    "@cosmjs/stream" "^0.31.0"
    "@cosmjs/tendermint-rpc" "^0.31.0"
    "@cosmjs/utils" "^0.31.0"
    cosmjs-types "^0.8.0"
    long "^4.0.0"
    protobufjs "~6.11.3"
    xstream "^11.14.0"

"@cosmjs/stream@^0.31.0":
  version "0.31.0"
  dependencies:
    xstream "^11.14.0"

"@cosmjs/tendermint-rpc@^0.31.0":
  version "0.31.0"
  dependencies:
    "@cosmjs/crypto" "^0.31.0"
    "@cosmjs/encoding" "^0.31.0"
    "@cosmjs/json-rpc" "^0.31.0"
    "@cosmjs/math" "^0.31.0"
    "@cosmjs/socket" "^0.31.0"
    "@cosmjs/stream" "^0.31.0"
    "@cosmjs/utils" "^0.31.0"
    axios "^0.21.2"
    readonly-date "^1.0.0"
    xstream "^11.14.0"

"@cosmjs/utils@^0.31.0":
  version "0.31.0"

"@cosmjs/utils@0.28.13":
  version "0.28.13"

"@ethereumjs/rlp@^4.0.1":
  version "4.0.1"

"@ethereumjs/util@^8.0.0":
  version "8.1.0"
  dependencies:
    "@ethereumjs/rlp" "^4.0.1"
    ethereum-cryptography "^2.0.0"
    micro-ftch "^0.3.1"

"@ethersproject/abi@^5.7.0", "@ethersproject/abi@5.7.0":
  version "5.7.0"
  dependencies:
    "@ethersproject/address" "^5.7.0"
    "@ethersproject/bignumber" "^5.7.0"
    "@ethersproject/bytes" "^5.7.0"
    "@ethersproject/constants" "^5.7.0"
    "@ethersproject/hash" "^5.7.0"
    "@ethersproject/keccak256" "^5.7.0"
    "@ethersproject/logger" "^5.7.0"
    "@ethersproject/properties" "^5.7.0"
    "@ethersproject/strings" "^5.7.0"

"@ethersproject/abstract-provider@^5.7.0", "@ethersproject/abstract-provider@5.7.0":
  version "5.7.0"
  dependencies:
    "@ethersproject/bignumber" "^5.7.0"
    "@ethersproject/bytes" "^5.7.0"
    "@ethersproject/logger" "^5.7.0"
    "@ethersproject/networks" "^5.7.0"
    "@ethersproject/properties" "^5.7.0"
    "@ethersproject/transactions" "^5.7.0"
    "@ethersproject/web" "^5.7.0"

"@ethersproject/abstract-signer@^5.7.0", "@ethersproject/abstract-signer@5.7.0":
  version "5.7.0"
  dependencies:
    "@ethersproject/abstract-provider" "^5.7.0"
    "@ethersproject/bignumber" "^5.7.0"
    "@ethersproject/bytes" "^5.7.0"
    "@ethersproject/logger" "^5.7.0"
    "@ethersproject/properties" "^5.7.0"

"@ethersproject/address@^5.7.0", "@ethersproject/address@5.7.0":
  version "5.7.0"
  dependencies:
    "@ethersproject/bignumber" "^5.7.0"
    "@ethersproject/bytes" "^5.7.0"
    "@ethersproject/keccak256" "^5.7.0"
    "@ethersproject/logger" "^5.7.0"
    "@ethersproject/rlp" "^5.7.0"

"@ethersproject/base64@^5.7.0", "@ethersproject/base64@5.7.0":
  version "5.7.0"
  dependencies:
    "@ethersproject/bytes" "^5.7.0"

"@ethersproject/basex@^5.7.0", "@ethersproject/basex@5.7.0":
  version "5.7.0"
  dependencies:
    "@ethersproject/bytes" "^5.7.0"
    "@ethersproject/properties" "^5.7.0"

"@ethersproject/bignumber@^5.7.0", "@ethersproject/bignumber@5.7.0":
  version "5.7.0"
  dependencies:
    "@ethersproject/bytes" "^5.7.0"
    "@ethersproject/logger" "^5.7.0"
    bn.js "^5.2.1"

"@ethersproject/bytes@^5.6.1", "@ethersproject/bytes@^5.7.0", "@ethersproject/bytes@5.7.0":
  version "5.7.0"
  dependencies:
    "@ethersproject/logger" "^5.7.0"

"@ethersproject/constants@^5.7.0", "@ethersproject/constants@5.7.0":
  version "5.7.0"
  dependencies:
    "@ethersproject/bignumber" "^5.7.0"

"@ethersproject/contracts@5.7.0":
  version "5.7.0"
  dependencies:
    "@ethersproject/abi" "^5.7.0"
    "@ethersproject/abstract-provider" "^5.7.0"
    "@ethersproject/abstract-signer" "^5.7.0"
    "@ethersproject/address" "^5.7.0"
    "@ethersproject/bignumber" "^5.7.0"
    "@ethersproject/bytes" "^5.7.0"
    "@ethersproject/constants" "^5.7.0"
    "@ethersproject/logger" "^5.7.0"
    "@ethersproject/properties" "^5.7.0"
    "@ethersproject/transactions" "^5.7.0"

"@ethersproject/hash@^5.7.0", "@ethersproject/hash@5.7.0":
  version "5.7.0"
  dependencies:
    "@ethersproject/abstract-signer" "^5.7.0"
    "@ethersproject/address" "^5.7.0"
    "@ethersproject/base64" "^5.7.0"
    "@ethersproject/bignumber" "^5.7.0"
    "@ethersproject/bytes" "^5.7.0"
    "@ethersproject/keccak256" "^5.7.0"
    "@ethersproject/logger" "^5.7.0"
    "@ethersproject/properties" "^5.7.0"
    "@ethersproject/strings" "^5.7.0"

"@ethersproject/hdnode@^5.7.0", "@ethersproject/hdnode@5.7.0":
  version "5.7.0"
  dependencies:
    "@ethersproject/abstract-signer" "^5.7.0"
    "@ethersproject/basex" "^5.7.0"
    "@ethersproject/bignumber" "^5.7.0"
    "@ethersproject/bytes" "^5.7.0"
    "@ethersproject/logger" "^5.7.0"
    "@ethersproject/pbkdf2" "^5.7.0"
    "@ethersproject/properties" "^5.7.0"
    "@ethersproject/sha2" "^5.7.0"
    "@ethersproject/signing-key" "^5.7.0"
    "@ethersproject/strings" "^5.7.0"
    "@ethersproject/transactions" "^5.7.0"
    "@ethersproject/wordlists" "^5.7.0"

"@ethersproject/json-wallets@^5.7.0", "@ethersproject/json-wallets@5.7.0":
  version "5.7.0"
  dependencies:
    "@ethersproject/abstract-signer" "^5.7.0"
    "@ethersproject/address" "^5.7.0"
    "@ethersproject/bytes" "^5.7.0"
    "@ethersproject/hdnode" "^5.7.0"
    "@ethersproject/keccak256" "^5.7.0"
    "@ethersproject/logger" "^5.7.0"
    "@ethersproject/pbkdf2" "^5.7.0"
    "@ethersproject/properties" "^5.7.0"
    "@ethersproject/random" "^5.7.0"
    "@ethersproject/strings" "^5.7.0"
    "@ethersproject/transactions" "^5.7.0"
    aes-js "3.0.0"
    scrypt-js "3.0.1"

"@ethersproject/keccak256@^5.7.0", "@ethersproject/keccak256@5.7.0":
  version "5.7.0"
  dependencies:
    "@ethersproject/bytes" "^5.7.0"
    js-sha3 "0.8.0"

"@ethersproject/logger@^5.7.0", "@ethersproject/logger@5.7.0":
  version "5.7.0"

"@ethersproject/networks@^5.7.0", "@ethersproject/networks@5.7.1":
  version "5.7.1"
  dependencies:
    "@ethersproject/logger" "^5.7.0"

"@ethersproject/pbkdf2@^5.7.0", "@ethersproject/pbkdf2@5.7.0":
  version "5.7.0"
  dependencies:
    "@ethersproject/bytes" "^5.7.0"
    "@ethersproject/sha2" "^5.7.0"

"@ethersproject/properties@^5.7.0", "@ethersproject/properties@5.7.0":
  version "5.7.0"
  dependencies:
    "@ethersproject/logger" "^5.7.0"

"@ethersproject/providers@5.7.2":
  version "5.7.2"
  dependencies:
    "@ethersproject/abstract-provider" "^5.7.0"
    "@ethersproject/abstract-signer" "^5.7.0"
    "@ethersproject/address" "^5.7.0"
    "@ethersproject/base64" "^5.7.0"
    "@ethersproject/basex" "^5.7.0"
    "@ethersproject/bignumber" "^5.7.0"
    "@ethersproject/bytes" "^5.7.0"
    "@ethersproject/constants" "^5.7.0"
    "@ethersproject/hash" "^5.7.0"
    "@ethersproject/logger" "^5.7.0"
    "@ethersproject/networks" "^5.7.0"
    "@ethersproject/properties" "^5.7.0"
    "@ethersproject/random" "^5.7.0"
    "@ethersproject/rlp" "^5.7.0"
    "@ethersproject/sha2" "^5.7.0"
    "@ethersproject/strings" "^5.7.0"
    "@ethersproject/transactions" "^5.7.0"
    "@ethersproject/web" "^5.7.0"
    bech32 "1.1.4"
    ws "7.4.6"

"@ethersproject/random@^5.7.0", "@ethersproject/random@5.7.0":
  version "5.7.0"
  dependencies:
    "@ethersproject/bytes" "^5.7.0"
    "@ethersproject/logger" "^5.7.0"

"@ethersproject/rlp@^5.7.0", "@ethersproject/rlp@5.7.0":
  version "5.7.0"
  dependencies:
    "@ethersproject/bytes" "^5.7.0"
    "@ethersproject/logger" "^5.7.0"

"@ethersproject/sha2@^5.7.0", "@ethersproject/sha2@5.7.0":
  version "5.7.0"
  dependencies:
    "@ethersproject/bytes" "^5.7.0"
    "@ethersproject/logger" "^5.7.0"
    hash.js "1.1.7"

"@ethersproject/signing-key@^5.7.0", "@ethersproject/signing-key@5.7.0":
  version "5.7.0"
  dependencies:
    "@ethersproject/bytes" "^5.7.0"
    "@ethersproject/logger" "^5.7.0"
    "@ethersproject/properties" "^5.7.0"
    bn.js "^5.2.1"
    elliptic "6.5.4"
    hash.js "1.1.7"

"@ethersproject/solidity@5.7.0":
  version "5.7.0"
  dependencies:
    "@ethersproject/bignumber" "^5.7.0"
    "@ethersproject/bytes" "^5.7.0"
    "@ethersproject/keccak256" "^5.7.0"
    "@ethersproject/logger" "^5.7.0"
    "@ethersproject/sha2" "^5.7.0"
    "@ethersproject/strings" "^5.7.0"

"@ethersproject/strings@^5.7.0", "@ethersproject/strings@5.7.0":
  version "5.7.0"
  dependencies:
    "@ethersproject/bytes" "^5.7.0"
    "@ethersproject/constants" "^5.7.0"
    "@ethersproject/logger" "^5.7.0"

"@ethersproject/transactions@^5.7.0", "@ethersproject/transactions@5.7.0":
  version "5.7.0"
  dependencies:
    "@ethersproject/address" "^5.7.0"
    "@ethersproject/bignumber" "^5.7.0"
    "@ethersproject/bytes" "^5.7.0"
    "@ethersproject/constants" "^5.7.0"
    "@ethersproject/keccak256" "^5.7.0"
    "@ethersproject/logger" "^5.7.0"
    "@ethersproject/properties" "^5.7.0"
    "@ethersproject/rlp" "^5.7.0"
    "@ethersproject/signing-key" "^5.7.0"

"@ethersproject/units@5.7.0":
  version "5.7.0"
  dependencies:
    "@ethersproject/bignumber" "^5.7.0"
    "@ethersproject/constants" "^5.7.0"
    "@ethersproject/logger" "^5.7.0"

"@ethersproject/wallet@^5.6.2", "@ethersproject/wallet@^5.7.0", "@ethersproject/wallet@5.7.0":
  version "5.7.0"
  dependencies:
    "@ethersproject/abstract-provider" "^5.7.0"
    "@ethersproject/abstract-signer" "^5.7.0"
    "@ethersproject/address" "^5.7.0"
    "@ethersproject/bignumber" "^5.7.0"
    "@ethersproject/bytes" "^5.7.0"
    "@ethersproject/hash" "^5.7.0"
    "@ethersproject/hdnode" "^5.7.0"
    "@ethersproject/json-wallets" "^5.7.0"
    "@ethersproject/keccak256" "^5.7.0"
    "@ethersproject/logger" "^5.7.0"
    "@ethersproject/properties" "^5.7.0"
    "@ethersproject/random" "^5.7.0"
    "@ethersproject/signing-key" "^5.7.0"
    "@ethersproject/transactions" "^5.7.0"
    "@ethersproject/wordlists" "^5.7.0"

"@ethersproject/web@^5.7.0", "@ethersproject/web@5.7.1":
  version "5.7.1"
  dependencies:
    "@ethersproject/base64" "^5.7.0"
    "@ethersproject/bytes" "^5.7.0"
    "@ethersproject/logger" "^5.7.0"
    "@ethersproject/properties" "^5.7.0"
    "@ethersproject/strings" "^5.7.0"

"@ethersproject/wordlists@^5.7.0", "@ethersproject/wordlists@5.7.0":
  version "5.7.0"
  dependencies:
    "@ethersproject/bytes" "^5.7.0"
    "@ethersproject/hash" "^5.7.0"
    "@ethersproject/logger" "^5.7.0"
    "@ethersproject/properties" "^5.7.0"
    "@ethersproject/strings" "^5.7.0"

"@evmos/address-converter@^0.1.9":
  version "0.1.9"
  dependencies:
    bech32 "^2.0.0"
    crypto-addr-codec "^0.1.7"
    link-module-alias "^1.2.0"
    shx "^0.3.4"

"@evmos/eip712@^0.3.1":
  version "0.3.2"
  dependencies:
    "@cosmjs/proto-signing" "^0.28.13"
    "@evmos/proto" "^0.2.1"
    "@metamask/eth-sig-util" "^4.0.1"
    cosmjs-types "^0.5.1"
    link-module-alias "^1.2.0"
    long "^5.2.0"
    shx "^0.3.4"

"@evmos/proto@^0.2.1":
  version "0.2.1"
  dependencies:
    "@buf/cosmos_cosmos-sdk.bufbuild_es" "^1.0.0-20230125164018-54d184078b88.1"
    "@buf/cosmos_ibc.bufbuild_es" "^1.0.0-20230127093016-72d4bdec25a0.1"
    "@buf/evmos_evmos.bufbuild_es" "^1.2.0-20230315212311-c66c6f141d04.1"
    "@bufbuild/protobuf" "^1.0.0"
    "@types/node" "^17.0.21"
    link-module-alias "^1.2.0"
    sha3 "^2.1.4"
    shx "^0.3.4"

"@evmos/provider@^0.3.1":
  version "0.3.1"
  dependencies:
    link-module-alias "^1.2.0"
    shx "^0.3.4"

"@evmos/transactions@^0.3.2":
  version "0.3.2"
  dependencies:
    "@evmos/eip712" "^0.3.1"
    "@evmos/proto" "^0.2.1"
    link-module-alias "^1.2.0"
    shx "^0.3.4"

"@hanchon/evmos-ts-wallet@^0.2.0":
  version "0.2.0"
  dependencies:
    "@ethersproject/bytes" "^5.6.1"
    "@ethersproject/wallet" "^5.6.2"
    "@hanchon/signature-to-pubkey" "^1.0.0"
    "@metamask/eth-sig-util" "^4.0.1"
    "@tharsis/address-converter" "^0.1.8"
    "@tharsis/proto" "^0.1.17"
    "@tharsis/transactions" "^0.2.3"
    node-fetch "2"

"@hanchon/signature-to-pubkey@^1.0.0":
  version "1.0.1"
  dependencies:
    "@ethereumjs/util" "^8.0.0"

"@metamask/eth-sig-util@^4.0.1":
  version "4.0.1"
  dependencies:
    ethereumjs-abi "^0.6.8"
    ethereumjs-util "^6.2.1"
    ethjs-util "^0.1.6"
    tweetnacl "^1.0.3"
    tweetnacl-util "^0.15.1"

"@noble/curves@~1.0.0", "@noble/curves@1.0.0":
  version "1.0.0"
  dependencies:
    "@noble/hashes" "1.3.0"

"@noble/hashes@^1", "@noble/hashes@^1.0.0", "@noble/hashes@~1.3.0":
  version "1.3.1"

"@noble/hashes@1.3.0":
  version "1.3.0"

"@protobufjs/aspromise@^1.1.1", "@protobufjs/aspromise@^1.1.2":
  version "1.1.2"

"@protobufjs/base64@^1.1.2":
  version "1.1.2"

"@protobufjs/codegen@^2.0.4":
  version "2.0.4"

"@protobufjs/eventemitter@^1.1.0":
  version "1.1.0"

"@protobufjs/fetch@^1.1.0":
  version "1.1.0"
  dependencies:
    "@protobufjs/aspromise" "^1.1.1"
    "@protobufjs/inquire" "^1.1.0"

"@protobufjs/float@^1.0.2":
  version "1.0.2"

"@protobufjs/inquire@^1.1.0":
  version "1.1.0"

"@protobufjs/path@^1.1.2":
  version "1.1.2"

"@protobufjs/pool@^1.1.0":
  version "1.1.0"

"@protobufjs/utf8@^1.1.0":
  version "1.1.0"

"@scure/base@~1.1.0":
  version "1.1.1"

"@scure/bip32@1.3.0":
  version "1.3.0"
  dependencies:
    "@noble/curves" "~1.0.0"
    "@noble/hashes" "~1.3.0"
    "@scure/base" "~1.1.0"

"@scure/bip39@1.2.0":
  version "1.2.0"
  dependencies:
    "@noble/hashes" "~1.3.0"
    "@scure/base" "~1.1.0"

"@tharsis/address-converter@^0.1.8":
  version "0.1.8"
  dependencies:
    bech32 "^2.0.0"
    crypto-addr-codec "^0.1.7"
    link-module-alias "^1.2.0"
    shx "^0.3.4"

"@tharsis/eip712@^0.2.4":
  version "0.2.4"
  dependencies:
    link-module-alias "^1.2.0"
    shx "^0.3.4"

"@tharsis/proto@^0.1.17", "@tharsis/proto@^0.1.20":
  version "0.1.20"
  dependencies:
    "@types/google-protobuf" "^3.15.5"
    "@types/node" "^17.0.21"
    google-protobuf "^3.19.4"
    link-module-alias "^1.2.0"
    sha3 "^2.1.4"
    shx "^0.3.4"

"@tharsis/transactions@^0.2.3", "@tharsis/transactions@^0.2.6":
  version "0.2.6"
  dependencies:
    "@tharsis/eip712" "^0.2.4"
    "@tharsis/proto" "^0.1.20"
    "@types/node" "^17.0.21"
    link-module-alias "^1.2.0"
    shx "^0.3.4"

"@types/bn.js@^4.11.3":
  version "4.11.6"
  dependencies:
    "@types/node" "*"

"@types/google-protobuf@^3.15.5":
  version "3.15.6"

"@types/long@^4.0.1":
  version "4.0.2"

"@types/node@*", "@types/node@^17.0.21", "@types/node@>=13.7.0":
  version "17.0.45"

"@types/pbkdf2@^3.0.0":
  version "3.1.0"
  dependencies:
    "@types/node" "*"

"@types/secp256k1@^4.0.1":
  version "4.0.3"
  dependencies:
    "@types/node" "*"

abstract-level@^1.0.2:
  version "1.0.3"
  dependencies:
    buffer "^6.0.3"
    catering "^2.1.0"
    is-buffer "^2.0.5"
    level-supports "^4.0.0"
    level-transcoder "^1.0.1"
    module-error "^1.0.1"
    queue-microtask "^1.2.3"

accepts@~1.3.8:
  version "1.3.8"
  dependencies:
    mime-types "~2.1.34"
    negotiator "0.6.3"

aes-js@3.0.0:
  version "3.0.0"

ansi-styles@^3.2.1:
  version "3.2.1"
  dependencies:
    color-convert "^1.9.0"

array-flatten@1.1.1:
  version "1.1.1"

axios@^0.21.2:
  version "0.21.4"
  dependencies:
    follow-redirects "^1.14.0"

balanced-match@^1.0.0:
  version "1.0.2"

base-x@^3.0.2, base-x@^3.0.8:
  version "3.0.9"
  dependencies:
    safe-buffer "^5.0.1"

base64-js@^1.3.0, base64-js@^1.3.1:
  version "1.5.1"

bech32@^1.1.4:
  version "1.1.4"

bech32@^2.0.0:
  version "2.0.0"

bech32@1.1.4:
  version "1.1.4"

big-integer@1.6.36:
  version "1.6.36"

blakejs@^1.1.0:
  version "1.2.1"

bn.js@^4.11.0:
  version "4.12.0"

bn.js@^4.11.8:
  version "4.12.0"

bn.js@^4.11.9:
  version "4.12.0"

bn.js@^5.2.0, bn.js@^5.2.1:
  version "5.2.1"

body-parser@1.20.1:
  version "1.20.1"
  dependencies:
    bytes "3.1.2"
    content-type "~1.0.4"
    debug "2.6.9"
    depd "2.0.0"
    destroy "1.2.0"
    http-errors "2.0.0"
    iconv-lite "0.4.24"
    on-finished "2.4.1"
    qs "6.11.0"
    raw-body "2.5.1"
    type-is "~1.6.18"
    unpipe "1.0.0"

brace-expansion@^1.1.7:
  version "1.1.11"
  dependencies:
    balanced-match "^1.0.0"
    concat-map "0.0.1"

brorand@^1.1.0:
  version "1.1.0"

browser-level@^1.0.1:
  version "1.0.1"
  dependencies:
    abstract-level "^1.0.2"
    catering "^2.1.1"
    module-error "^1.0.2"
    run-parallel-limit "^1.1.0"

browserify-aes@^1.2.0:
  version "1.2.0"
  dependencies:
    buffer-xor "^1.0.3"
    cipher-base "^1.0.0"
    create-hash "^1.1.0"
    evp_bytestokey "^1.0.3"
    inherits "^2.0.1"
    safe-buffer "^5.0.1"

bs58@^4.0.0, bs58@^4.0.1:
  version "4.0.1"
  dependencies:
    base-x "^3.0.2"

bs58check@^2.1.2:
  version "2.1.2"
  dependencies:
    bs58 "^4.0.0"
    create-hash "^1.1.0"
    safe-buffer "^5.1.2"

buffer-xor@^1.0.3:
  version "1.0.3"

buffer@^6.0.3, buffer@6.0.3:
  version "6.0.3"
  dependencies:
    base64-js "^1.3.1"
    ieee754 "^1.2.1"

bytes@3.1.2:
  version "3.1.2"

call-bind@^1.0.0:
  version "1.0.2"
  dependencies:
    function-bind "^1.1.1"
    get-intrinsic "^1.0.2"

catering@^2.1.0, catering@^2.1.1:
  version "2.1.1"

chalk@^2.4.1:
  version "2.4.2"
  dependencies:
    ansi-styles "^3.2.1"
    escape-string-regexp "^1.0.5"
    supports-color "^5.3.0"

cipher-base@^1.0.0, cipher-base@^1.0.1, cipher-base@^1.0.3:
  version "1.0.4"
  dependencies:
    inherits "^2.0.1"
    safe-buffer "^5.0.1"

classic-level@^1.2.0:
  version "1.3.0"
  dependencies:
    abstract-level "^1.0.2"
    catering "^2.1.0"
    module-error "^1.0.1"
    napi-macros "^2.2.2"
    node-gyp-build "^4.3.0"

color-convert@^1.9.0:
  version "1.9.3"
  dependencies:
    color-name "1.1.3"

color-name@1.1.3:
  version "1.1.3"

concat-map@0.0.1:
  version "0.0.1"

content-disposition@0.5.4:
  version "0.5.4"
  dependencies:
    safe-buffer "5.2.1"

content-type@~1.0.4:
  version "1.0.5"

cookie-signature@1.0.6:
  version "1.0.6"

cookie@0.5.0:
  version "0.5.0"

cosmjs-types@^0.4.0:
  version "0.4.1"
  dependencies:
    long "^4.0.0"
    protobufjs "~6.11.2"

cosmjs-types@^0.5.1:
  version "0.5.2"
  dependencies:
    long "^4.0.0"
    protobufjs "~6.11.2"

cosmjs-types@^0.8.0:
  version "0.8.0"
  dependencies:
    long "^4.0.0"
    protobufjs "~6.11.2"

create-hash@^1.1.0, create-hash@^1.1.2, create-hash@^1.2.0:
  version "1.2.0"
  dependencies:
    cipher-base "^1.0.1"
    inherits "^2.0.1"
    md5.js "^1.3.4"
    ripemd160 "^2.0.1"
    sha.js "^2.4.0"

create-hmac@^1.1.4, create-hmac@^1.1.7:
  version "1.1.7"
  dependencies:
    cipher-base "^1.0.3"
    create-hash "^1.1.0"
    inherits "^2.0.1"
    ripemd160 "^2.0.0"
    safe-buffer "^5.0.1"
    sha.js "^2.4.8"

crypto-addr-codec@^0.1.7:
  version "0.1.7"
  dependencies:
    base-x "^3.0.8"
    big-integer "1.6.36"
    blakejs "^1.1.0"
    bs58 "^4.0.1"
    ripemd160-min "0.0.6"
    safe-buffer "^5.2.0"
    sha3 "^2.1.1"

debug@2.6.9:
  version "2.6.9"
  dependencies:
    ms "2.0.0"

define-properties@^1.1.3:
  version "1.2.0"
  dependencies:
    has-property-descriptors "^1.0.0"
    object-keys "^1.1.1"

depd@2.0.0:
  version "2.0.0"

destroy@1.2.0:
  version "1.2.0"

ee-first@1.1.1:
  version "1.1.1"

elliptic@^6.5.2, elliptic@^6.5.3, elliptic@^6.5.4, elliptic@6.5.4:
  version "6.5.4"
  dependencies:
    bn.js "^4.11.9"
    brorand "^1.1.0"
    hash.js "^1.0.0"
    hmac-drbg "^1.0.1"
    inherits "^2.0.4"
    minimalistic-assert "^1.0.1"
    minimalistic-crypto-utils "^1.0.1"

encodeurl@~1.0.2:
  version "1.0.2"

escape-html@~1.0.3:
  version "1.0.3"

escape-string-regexp@^1.0.5:
  version "1.0.5"

etag@~1.8.1:
  version "1.8.1"

ethereum-cryptography@^0.1.3:
  version "0.1.3"
  dependencies:
    "@types/pbkdf2" "^3.0.0"
    "@types/secp256k1" "^4.0.1"
    blakejs "^1.1.0"
    browserify-aes "^1.2.0"
    bs58check "^2.1.2"
    create-hash "^1.2.0"
    create-hmac "^1.1.7"
    hash.js "^1.1.7"
    keccak "^3.0.0"
    pbkdf2 "^3.0.17"
    randombytes "^2.1.0"
    safe-buffer "^5.1.2"
    scrypt-js "^3.0.0"
    secp256k1 "^4.0.1"
    setimmediate "^1.0.5"

ethereum-cryptography@^2.0.0:
  version "2.0.0"
  dependencies:
    "@noble/curves" "1.0.0"
    "@noble/hashes" "1.3.0"
    "@scure/bip32" "1.3.0"
    "@scure/bip39" "1.2.0"

ethereumjs-abi@^0.6.8:
  version "0.6.8"
  dependencies:
    bn.js "^4.11.8"
    ethereumjs-util "^6.0.0"

ethereumjs-util@^6.0.0, ethereumjs-util@^6.2.1:
  version "6.2.1"
  dependencies:
    "@types/bn.js" "^4.11.3"
    bn.js "^4.11.0"
    create-hash "^1.1.2"
    elliptic "^6.5.2"
    ethereum-cryptography "^0.1.3"
    ethjs-util "0.1.6"
    rlp "^2.2.3"

ethers@^5.7.1:
  version "5.7.2"
  dependencies:
    "@ethersproject/abi" "5.7.0"
    "@ethersproject/abstract-provider" "5.7.0"
    "@ethersproject/abstract-signer" "5.7.0"
    "@ethersproject/address" "5.7.0"
    "@ethersproject/base64" "5.7.0"
    "@ethersproject/basex" "5.7.0"
    "@ethersproject/bignumber" "5.7.0"
    "@ethersproject/bytes" "5.7.0"
    "@ethersproject/constants" "5.7.0"
    "@ethersproject/contracts" "5.7.0"
    "@ethersproject/hash" "5.7.0"
    "@ethersproject/hdnode" "5.7.0"
    "@ethersproject/json-wallets" "5.7.0"
    "@ethersproject/keccak256" "5.7.0"
    "@ethersproject/logger" "5.7.0"
    "@ethersproject/networks" "5.7.1"
    "@ethersproject/pbkdf2" "5.7.0"
    "@ethersproject/properties" "5.7.0"
    "@ethersproject/providers" "5.7.2"
    "@ethersproject/random" "5.7.0"
    "@ethersproject/rlp" "5.7.0"
    "@ethersproject/sha2" "5.7.0"
    "@ethersproject/signing-key" "5.7.0"
    "@ethersproject/solidity" "5.7.0"
    "@ethersproject/strings" "5.7.0"
    "@ethersproject/transactions" "5.7.0"
    "@ethersproject/units" "5.7.0"
    "@ethersproject/wallet" "5.7.0"
    "@ethersproject/web" "5.7.1"
    "@ethersproject/wordlists" "5.7.0"

ethjs-util@^0.1.6, ethjs-util@0.1.6:
  version "0.1.6"
  dependencies:
    is-hex-prefixed "1.0.0"
    strip-hex-prefix "1.0.0"

evmosjs@0.3.3:
  version "0.3.3"
  dependencies:
    "@evmos/address-converter" "^0.1.9"
    "@evmos/eip712" "^0.3.1"
    "@evmos/proto" "^0.2.1"
    "@evmos/provider" "^0.3.1"
    "@evmos/transactions" "^0.3.2"
    link-module-alias "^1.2.0"
    shx "^0.3.4"

evp_bytestokey@^1.0.3:
  version "1.0.3"
  dependencies:
    md5.js "^1.3.4"
    safe-buffer "^5.1.1"

express@^4.18.2:
  version "4.18.2"
  dependencies:
    accepts "~1.3.8"
    array-flatten "1.1.1"
    body-parser "1.20.1"
    content-disposition "0.5.4"
    content-type "~1.0.4"
    cookie "0.5.0"
    cookie-signature "1.0.6"
    debug "2.6.9"
    depd "2.0.0"
    encodeurl "~1.0.2"
    escape-html "~1.0.3"
    etag "~1.8.1"
    finalhandler "1.2.0"
    fresh "0.5.2"
    http-errors "2.0.0"
    merge-descriptors "1.0.1"
    methods "~1.1.2"
    on-finished "2.4.1"
    parseurl "~1.3.3"
    path-to-regexp "0.1.7"
    proxy-addr "~2.0.7"
    qs "6.11.0"
    range-parser "~1.2.1"
    safe-buffer "5.2.1"
    send "0.18.0"
    serve-static "1.15.0"
    setprototypeof "1.2.0"
    statuses "2.0.1"
    type-is "~1.6.18"
    utils-merge "1.0.1"
    vary "~1.1.2"

finalhandler@1.2.0:
  version "1.2.0"
  dependencies:
    debug "2.6.9"
    encodeurl "~1.0.2"
    escape-html "~1.0.3"
    on-finished "2.4.1"
    parseurl "~1.3.3"
    statuses "2.0.1"
    unpipe "~1.0.0"

follow-redirects@^1.14.0:
  version "1.15.2"

forwarded@0.2.0:
  version "0.2.0"

fresh@0.5.2:
  version "0.5.2"

fs.realpath@^1.0.0:
  version "1.0.0"

function-bind@^1.1.1:
  version "1.1.1"

get-intrinsic@^1.0.2, get-intrinsic@^1.1.1:
  version "1.2.1"
  dependencies:
    function-bind "^1.1.1"
    has "^1.0.3"
    has-proto "^1.0.1"
    has-symbols "^1.0.3"

glob@^7.0.0:
  version "7.2.3"
  dependencies:
    fs.realpath "^1.0.0"
    inflight "^1.0.4"
    inherits "2"
    minimatch "^3.1.1"
    once "^1.3.0"
    path-is-absolute "^1.0.0"

globalthis@^1.0.1:
  version "1.0.3"
  dependencies:
    define-properties "^1.1.3"

google-protobuf@^3.19.4:
  version "3.21.2"

has-flag@^3.0.0:
  version "3.0.0"

has-property-descriptors@^1.0.0:
  version "1.0.0"
  dependencies:
    get-intrinsic "^1.1.1"

has-proto@^1.0.1:
  version "1.0.1"

has-symbols@^1.0.3:
  version "1.0.3"

has@^1.0.3:
  version "1.0.3"
  dependencies:
    function-bind "^1.1.1"

hash-base@^3.0.0:
  version "3.1.0"
  dependencies:
    inherits "^2.0.4"
    readable-stream "^3.6.0"
    safe-buffer "^5.2.0"

hash.js@^1.0.0, hash.js@^1.0.3, hash.js@^1.1.7, hash.js@1.1.7:
  version "1.1.7"
  dependencies:
    inherits "^2.0.3"
    minimalistic-assert "^1.0.1"

hmac-drbg@^1.0.1:
  version "1.0.1"
  dependencies:
    hash.js "^1.0.3"
    minimalistic-assert "^1.0.0"
    minimalistic-crypto-utils "^1.0.1"

http-errors@2.0.0:
  version "2.0.0"
  dependencies:
    depd "2.0.0"
    inherits "2.0.4"
    setprototypeof "1.2.0"
    statuses "2.0.1"
    toidentifier "1.0.1"

iconv-lite@0.4.24:
  version "0.4.24"
  dependencies:
    safer-buffer ">= 2.1.2 < 3"

ieee754@^1.2.1:
  version "1.2.1"

inflight@^1.0.4:
  version "1.0.6"
  dependencies:
    once "^1.3.0"
    wrappy "1"

inherits@^2.0.1, inherits@^2.0.3, inherits@^2.0.4, inherits@2, inherits@2.0.4:
  version "2.0.4"

interpret@^1.0.0:
  version "1.4.0"

ipaddr.js@1.9.1:
  version "1.9.1"

is-buffer@^2.0.5:
  version "2.0.5"

is-core-module@^2.11.0:
  version "2.12.1"
  dependencies:
    has "^1.0.3"

is-hex-prefixed@1.0.0:
  version "1.0.0"

isomorphic-ws@^4.0.1:
  version "4.0.1"

js-sha3@0.8.0:
  version "0.8.0"

keccak@^3.0.0:
  version "3.0.3"
  dependencies:
    node-addon-api "^2.0.0"
    node-gyp-build "^4.2.0"
    readable-stream "^3.6.0"

level-supports@^4.0.0:
  version "4.0.1"

level-transcoder@^1.0.1:
  version "1.0.1"
  dependencies:
    buffer "^6.0.3"
    module-error "^1.0.1"

level@^8.0.0:
  version "8.0.0"
  dependencies:
    browser-level "^1.0.1"
    classic-level "^1.2.0"

libsodium-sumo@^0.7.11:
  version "0.7.11"

libsodium-wrappers-sumo@^0.7.11:
  version "0.7.11"
  dependencies:
    libsodium-sumo "^0.7.11"

libsodium-wrappers@^0.7.6:
  version "0.7.10"
  dependencies:
    libsodium "^0.7.0"

libsodium@^0.7.0:
  version "0.7.10"

link-module-alias@^1.2.0:
  version "1.2.0"
  dependencies:
    chalk "^2.4.1"

long@^4.0.0:
  version "4.0.0"

long@^5.2.0:
  version "5.2.3"

md5.js@^1.3.4:
  version "1.3.5"
  dependencies:
    hash-base "^3.0.0"
    inherits "^2.0.1"
    safe-buffer "^5.1.2"

media-typer@0.3.0:
  version "0.3.0"

merge-descriptors@1.0.1:
  version "1.0.1"

methods@~1.1.2:
  version "1.1.2"

micro-ftch@^0.3.1:
  version "0.3.1"

mime-db@1.52.0:
  version "1.52.0"

mime-types@~2.1.24, mime-types@~2.1.34:
  version "2.1.35"
  dependencies:
    mime-db "1.52.0"

mime@1.6.0:
  version "1.6.0"

minimalistic-assert@^1.0.0, minimalistic-assert@^1.0.1:
  version "1.0.1"

minimalistic-crypto-utils@^1.0.1:
  version "1.0.1"

minimatch@^3.1.1:
  version "3.1.2"
  dependencies:
    brace-expansion "^1.1.7"

minimist@^1.2.3:
  version "1.2.8"

module-error@^1.0.1, module-error@^1.0.2:
  version "1.0.2"

ms@2.0.0:
  version "2.0.0"

ms@2.1.3:
  version "2.1.3"

napi-macros@^2.2.2:
  version "2.2.2"

negotiator@0.6.3:
  version "0.6.3"

node-addon-api@^2.0.0:
  version "2.0.2"

node-fetch@2:
  version "2.6.12"
  dependencies:
    whatwg-url "^5.0.0"

node-gyp-build@^4.2.0, node-gyp-build@^4.3.0:
  version "4.6.0"

nodemodule@^0.3.0:
  version "0.3.0"

object-inspect@^1.9.0:
  version "1.12.3"

object-keys@^1.1.1:
  version "1.1.1"

on-finished@2.4.1:
  version "2.4.1"
  dependencies:
    ee-first "1.1.1"

once@^1.3.0:
  version "1.4.0"
  dependencies:
    wrappy "1"

parseurl@~1.3.3:
  version "1.3.3"

path-is-absolute@^1.0.0:
  version "1.0.1"

path-parse@^1.0.7:
  version "1.0.7"

path-to-regexp@0.1.7:
  version "0.1.7"

pbkdf2@^3.0.17:
  version "3.1.2"
  dependencies:
    create-hash "^1.1.2"
    create-hmac "^1.1.4"
    ripemd160 "^2.0.1"
    safe-buffer "^5.0.1"
    sha.js "^2.4.8"

protobufjs@^6.8.8, protobufjs@~6.11.2, protobufjs@~6.11.3:
  version "6.11.3"
  dependencies:
    "@protobufjs/aspromise" "^1.1.2"
    "@protobufjs/base64" "^1.1.2"
    "@protobufjs/codegen" "^2.0.4"
    "@protobufjs/eventemitter" "^1.1.0"
    "@protobufjs/fetch" "^1.1.0"
    "@protobufjs/float" "^1.0.2"
    "@protobufjs/inquire" "^1.1.0"
    "@protobufjs/path" "^1.1.2"
    "@protobufjs/pool" "^1.1.0"
    "@protobufjs/utf8" "^1.1.0"
    "@types/long" "^4.0.1"
    "@types/node" ">=13.7.0"
    long "^4.0.0"

proxy-addr@~2.0.7:
  version "2.0.7"
  dependencies:
    forwarded "0.2.0"
    ipaddr.js "1.9.1"

qs@6.11.0:
  version "6.11.0"
  dependencies:
    side-channel "^1.0.4"

queue-microtask@^1.2.2, queue-microtask@^1.2.3:
  version "1.2.3"

randombytes@^2.1.0:
  version "2.1.0"
  dependencies:
    safe-buffer "^5.1.0"

range-parser@~1.2.1:
  version "1.2.1"

raw-body@2.5.1:
  version "2.5.1"
  dependencies:
    bytes "3.1.2"
    http-errors "2.0.0"
    iconv-lite "0.4.24"
    unpipe "1.0.0"

readable-stream@^3.6.0:
  version "3.6.2"
  dependencies:
    inherits "^2.0.3"
    string_decoder "^1.1.1"
    util-deprecate "^1.0.1"

readonly-date@^1.0.0:
  version "1.0.0"

rechoir@^0.6.2:
  version "0.6.2"
  dependencies:
    resolve "^1.1.6"

resolve@^1.1.6:
  version "1.22.2"
  dependencies:
    is-core-module "^2.11.0"
    path-parse "^1.0.7"
    supports-preserve-symlinks-flag "^1.0.0"

ripemd160-min@0.0.6:
  version "0.0.6"

ripemd160@^2.0.0, ripemd160@^2.0.1:
  version "2.0.2"
  dependencies:
    hash-base "^3.0.0"
    inherits "^2.0.1"

rlp@^2.2.3:
  version "2.2.7"
  dependencies:
    bn.js "^5.2.0"

run-parallel-limit@^1.1.0:
  version "1.1.0"
  dependencies:
    queue-microtask "^1.2.2"

safe-buffer@^5.0.1, safe-buffer@^5.1.0, safe-buffer@^5.1.1, safe-buffer@^5.1.2, safe-buffer@^5.2.0, safe-buffer@~5.2.0, safe-buffer@5.2.1:
  version "5.2.1"

"safer-buffer@>= 2.1.2 < 3":
  version "2.1.2"

scrypt-js@^3.0.0, scrypt-js@3.0.1:
  version "3.0.1"

secp256k1@^4.0.1:
  version "4.0.3"
  dependencies:
    elliptic "^6.5.4"
    node-addon-api "^2.0.0"
    node-gyp-build "^4.2.0"

send@0.18.0:
  version "0.18.0"
  dependencies:
    debug "2.6.9"
    depd "2.0.0"
    destroy "1.2.0"
    encodeurl "~1.0.2"
    escape-html "~1.0.3"
    etag "~1.8.1"
    fresh "0.5.2"
    http-errors "2.0.0"
    mime "1.6.0"
    ms "2.1.3"
    on-finished "2.4.1"
    range-parser "~1.2.1"
    statuses "2.0.1"

serve-static@1.15.0:
  version "1.15.0"
  dependencies:
    encodeurl "~1.0.2"
    escape-html "~1.0.3"
    parseurl "~1.3.3"
    send "0.18.0"

setimmediate@^1.0.5:
  version "1.0.5"

setprototypeof@1.2.0:
  version "1.2.0"

sha.js@^2.4.0, sha.js@^2.4.8:
  version "2.4.11"
  dependencies:
    inherits "^2.0.1"
    safe-buffer "^5.0.1"

sha3@^2.1.1, sha3@^2.1.4:
  version "2.1.4"
  dependencies:
    buffer "6.0.3"

shelljs@^0.8.5:
  version "0.8.5"
  dependencies:
    glob "^7.0.0"
    interpret "^1.0.0"
    rechoir "^0.6.2"

shx@^0.3.4:
  version "0.3.4"
  dependencies:
    minimist "^1.2.3"
    shelljs "^0.8.5"

side-channel@^1.0.4:
  version "1.0.4"
  dependencies:
    call-bind "^1.0.0"
    get-intrinsic "^1.0.2"
    object-inspect "^1.9.0"

statuses@2.0.1:
  version "2.0.1"

string_decoder@^1.1.1:
  version "1.3.0"
  dependencies:
    safe-buffer "~5.2.0"

strip-hex-prefix@1.0.0:
  version "1.0.0"
  dependencies:
    is-hex-prefixed "1.0.0"

supports-color@^5.3.0:
  version "5.5.0"
  dependencies:
    has-flag "^3.0.0"

supports-preserve-symlinks-flag@^1.0.0:
  version "1.0.0"

symbol-observable@^2.0.3:
  version "2.0.3"

toidentifier@1.0.1:
  version "1.0.1"

tr46@~0.0.3:
  version "0.0.3"

tweetnacl-util@^0.15.1:
  version "0.15.1"

tweetnacl@^1.0.3:
  version "1.0.3"

type-is@~1.6.18:
  version "1.6.18"
  dependencies:
    media-typer "0.3.0"
    mime-types "~2.1.24"

unpipe@~1.0.0, unpipe@1.0.0:
  version "1.0.0"

util-deprecate@^1.0.1:
  version "1.0.2"

utils-merge@1.0.1:
  version "1.0.1"

vary@~1.1.2:
  version "1.1.2"

webidl-conversions@^3.0.0:
  version "3.0.1"

whatwg-url@^5.0.0:
  version "5.0.0"
  dependencies:
    tr46 "~0.0.3"
    webidl-conversions "^3.0.0"

wrappy@1:
  version "1.0.2"

ws@*, ws@^7:
  version "7.5.9"

ws@7.4.6:
  version "7.4.6"

xstream@^11.14.0:
  version "11.14.0"
  dependencies:
    globalthis "^1.0.1"
    symbol-observable "^2.0.3"
